// !$*UTF8*$!
{
	archiveVersion = 1;
	classes = {
	};
	objectVersion = 46;
	objects = {

/* Begin PBXBuildFile section */
		E34F68201D68C6E2006CAE59 /* AppDelegate.swift in Sources */ = {isa = PBXBuildFile; fileRef = E34F681F1D68C6E2006CAE59 /* AppDelegate.swift */; };
		E34F68221D68C6E2006CAE59 /* ViewController.swift in Sources */ = {isa = PBXBuildFile; fileRef = E34F68211D68C6E2006CAE59 /* ViewController.swift */; };
		E34F68251D68C6E2006CAE59 /* Main.storyboard in Resources */ = {isa = PBXBuildFile; fileRef = E34F68231D68C6E2006CAE59 /* Main.storyboard */; };
		E34F68271D68C6E2006CAE59 /* Assets.xcassets in Resources */ = {isa = PBXBuildFile; fileRef = E34F68261D68C6E2006CAE59 /* Assets.xcassets */; };
		E34F682A1D68C6E2006CAE59 /* LaunchScreen.storyboard in Resources */ = {isa = PBXBuildFile; fileRef = E34F68281D68C6E2006CAE59 /* LaunchScreen.storyboard */; };
/* End PBXBuildFile section */

/* Begin PBXFileReference section */
		E34F681C1D68C6E2006CAE59 /* TextBoxApp.app */ = {isa = PBXFileReference; explicitFileType = wrapper.application; includeInIndex = 0; path = TextBoxApp.app; sourceTree = BUILT_PRODUCTS_DIR; };
		E34F681F1D68C6E2006CAE59 /* AppDelegate.swift */ = {isa = PBXFileReference; lastKnownFileType = sourcecode.swift; path = AppDelegate.swift; sourceTree = "<group>"; };
		E34F68211D68C6E2006CAE59 /* ViewController.swift */ = {isa = PBXFileReference; lastKnownFileType = sourcecode.swift; path = ViewController.swift; sourceTree = "<group>"; };
		E34F68241D68C6E2006CAE59 /* Base */ = {isa = PBXFileReference; lastKnownFileType = file.storyboard; name = Base; path = Base.lproj/Main.storyboard; sourceTree = "<group>"; };
		E34F68261D68C6E2006CAE59 /* Assets.xcassets */ = {isa = PBXFileReference; lastKnownFileType = folder.assetcatalog; path = Assets.xcassets; sourceTree = "<group>"; };
		E34F68291D68C6E2006CAE59 /* Base */ = {isa = PBXFileReference; lastKnownFileType = file.storyboard; name = Base; path = Base.lproj/LaunchScreen.storyboard; sourceTree = "<group>"; };
		E34F682B1D68C6E2006CAE59 /* Info.plist */ = {isa = PBXFileReference; lastKnownFileType = text.plist.xml; path = Info.plist; sourceTree = "<group>"; };
/* End PBXFileReference section */

/* Begin PBXFrameworksBuildPhase section */
		E34F68191D68C6E2006CAE59 /* Frameworks */ = {
			isa = PBXFrameworksBuildPhase;
			buildActionMask = 2147483647;
			files = (
			);
			runOnlyForDeploymentPostprocessing = 0;
		};
/* End PBXFrameworksBuildPhase section */

/* Begin PBXGroup section */
		E34F68131D68C6E2006CAE59 = {
			isa = PBXGroup;
			children = (
				E34F681E1D68C6E2006CAE59 /* TextBoxApp */,
				E34F681D1D68C6E2006CAE59 /* Products */,
			);
			sourceTree = "<group>";
		};
		E34F681D1D68C6E2006CAE59 /* Products */ = {
			isa = PBXGroup;
			children = (
				E34F681C1D68C6E2006CAE59 /* TextBoxApp.app */,
			);
			name = Products;
			sourceTree = "<group>";
		};
		E34F681E1D68C6E2006CAE59 /* TextBoxApp */ = {
			isa = PBXGroup;
			children = (
				E34F681F1D68C6E2006CAE59 /* AppDelegate.swift */,
				E34F68211D68C6E2006CAE59 /* ViewController.swift */,
				E34F68231D68C6E2006CAE59 /* Main.storyboard */,
				E34F68261D68C6E2006CAE59 /* Assets.xcassets */,
				E34F68281D68C6E2006CAE59 /* LaunchScreen.storyboard */,
				E34F682B1D68C6E2006CAE59 /* Info.plist */,
			);
			path = TextBoxApp;
			sourceTree = "<group>";
		};
/* End PBXGroup section */

/* Begin PBXNativeTarget section */
		E34F681B1D68C6E2006CAE59 /* TextBoxApp */ = {
			isa = PBXNativeTarget;
			buildConfigurationList = E34F682E1D68C6E2006CAE59 /* Build configuration list for PBXNativeTarget "TextBoxApp" */;
			buildPhases = (
				E34F68181D68C6E2006CAE59 /* Sources */,
				E34F68191D68C6E2006CAE59 /* Frameworks */,
				E34F681A1D68C6E2006CAE59 /* Resources */,
			);
			buildRules = (
			);
			dependencies = (
			);
			name = TextBoxApp;
			productName = TextBoxApp;
			productReference = E34F681C1D68C6E2006CAE59 /* TextBoxApp.app */;
			productType = "com.apple.product-type.application";
		};
/* End PBXNativeTarget section */

/* Begin PBXProject section */
		E34F68141D68C6E2006CAE59 /* Project object */ = {
			isa = PBXProject;
			attributes = {
				LastSwiftUpdateCheck = 0800;
				LastUpgradeCheck = 0820;
				ORGANIZATIONNAME = WisaAbility;
				TargetAttributes = {
					E34F681B1D68C6E2006CAE59 = {
						CreatedOnToolsVersion = 8.0;
						DevelopmentTeam = B22484JHWV;
						LastSwiftMigration = 0800;
						ProvisioningStyle = Automatic;
					};
				};
			};
			buildConfigurationList = E34F68171D68C6E2006CAE59 /* Build configuration list for PBXProject "TextBoxApp" */;
			compatibilityVersion = "Xcode 3.2";
			developmentRegion = English;
			hasScannedForEncodings = 0;
			knownRegions = (
				en,
				Base,
			);
			mainGroup = E34F68131D68C6E2006CAE59;
			productRefGroup = E34F681D1D68C6E2006CAE59 /* Products */;
			projectDirPath = "";
			projectRoot = "";
			targets = (
				E34F681B1D68C6E2006CAE59 /* TextBoxApp */,
			);
		};
/* End PBXProject section */

/* Begin PBXResourcesBuildPhase section */
		E34F681A1D68C6E2006CAE59 /* Resources */ = {
			isa = PBXResourcesBuildPhase;
			buildActionMask = 2147483647;
			files = (
				E34F682A1D68C6E2006CAE59 /* LaunchScreen.storyboard in Resources */,
				E34F68271D68C6E2006CAE59 /* Assets.xcassets in Resources */,
				E34F68251D68C6E2006CAE59 /* Main.storyboard in Resources */,
			);
			runOnlyForDeploymentPostprocessing = 0;
		};
/* End PBXResourcesBuildPhase section */

/* Begin PBXSourcesBuildPhase section */
		E34F68181D68C6E2006CAE59 /* Sources */ = {
			isa = PBXSourcesBuildPhase;
			buildActionMask = 2147483647;
			files = (
				E34F68221D68C6E2006CAE59 /* ViewController.swift in Sources */,
				E34F68201D68C6E2006CAE59 /* AppDelegate.swift in Sources */,
			);
			runOnlyForDeploymentPostprocessing = 0;
		};
/* End PBXSourcesBuildPhase section */

/* Begin PBXVariantGroup section */
		E34F68231D68C6E2006CAE59 /* Main.storyboard */ = {
			isa = PBXVariantGroup;
			children = (
				E34F68241D68C6E2006CAE59 /* Base */,
			);
			name = Main.storyboard;
			sourceTree = "<group>";
		};
		E34F68281D68C6E2006CAE59 /* LaunchScreen.storyboard */ = {
			isa = PBXVariantGroup;
			children = (
				E34F68291D68C6E2006CAE59 /* Base */,
			);
			name = LaunchScreen.storyboard;
			sourceTree = "<group>";
		};
/* End PBXVariantGroup section */

/* Begin XCBuildConfiguration section */
		E34F682C1D68C6E2006CAE59 /* Debug */ = {
			isa = XCBuildConfiguration;
			buildSettings = {
				ALWAYS_SEARCH_USER_PATHS = NO;
				CLANG_ANALYZER_NONNULL = YES;
				CLANG_CXX_LANGUAGE_STANDARD = "gnu++0x";
				CLANG_CXX_LIBRARY = "libc++";
				CLANG_ENABLE_MODULES = YES;
				CLANG_ENABLE_OBJC_ARC = YES;
				CLANG_WARN_BOOL_CONVERSION = YES;
				CLANG_WARN_CONSTANT_CONVERSION = YES;
				CLANG_WARN_DIRECT_OBJC_ISA_USAGE = YES_ERROR;
				CLANG_WARN_DOCUMENTATION_COMMENTS = YES;
				CLANG_WARN_EMPTY_BODY = YES;
				CLANG_WARN_ENUM_CONVERSION = YES;
				CLANG_WARN_INFINITE_RECURSION = YES;
				CLANG_WARN_INT_CONVERSION = YES;
				CLANG_WARN_OBJC_ROOT_CLASS = YES_ERROR;
				CLANG_WARN_SUSPICIOUS_MOVE = YES;
				CLANG_WARN_SUSPICIOUS_MOVES = YES;
				CLANG_WARN_UNREACHABLE_CODE = YES;
				CLANG_WARN__DUPLICATE_METHOD_MATCH = YES;
				"CODE_SIGN_IDENTITY[sdk=iphoneos*]" = "iPhone Developer";
				COPY_PHASE_STRIP = NO;
				DEBUG_INFORMATION_FORMAT = dwarf;
				ENABLE_STRICT_OBJC_MSGSEND = YES;
				ENABLE_TESTABILITY = YES;
				GCC_C_LANGUAGE_STANDARD = gnu99;
				GCC_DYNAMIC_NO_PIC = NO;
				GCC_NO_COMMON_BLOCKS = YES;
				GCC_OPTIMIZATION_LEVEL = 0;
				GCC_PREPROCESSOR_DEFINITIONS = (
					"DEBUG=1",
					"$(inherited)",
				);
				GCC_WARN_64_TO_32_BIT_CONVERSION = YES;
				GCC_WARN_ABOUT_RETURN_TYPE = YES_ERROR;
				GCC_WARN_UNDECLARED_SELECTOR = YES;
				GCC_WARN_UNINITIALIZED_AUTOS = YES_AGGRESSIVE;
				GCC_WARN_UNUSED_FUNCTION = YES;
				GCC_WARN_UNUSED_VARIABLE = YES;
				IPHONEOS_DEPLOYMENT_TARGET = 10.0;
				MTL_ENABLE_DEBUG_INFO = YES;
				ONLY_ACTIVE_ARCH = YES;
				SDKROOT = iphoneos;
				SWIFT_ACTIVE_COMPILATION_CONDITIONS = DEBUG;
				SWIFT_OPTIMIZATION_LEVEL = "-Onone";
				TARGETED_DEVICE_FAMILY = "1,2";
			};
			name = Debug;
		};
		E34F682D1D68C6E2006CAE59 /* Release */ = {
			isa = XCBuildConfiguration;
			buildSettings = {
				ALWAYS_SEARCH_USER_PATHS = NO;
				CLANG_ANALYZER_NONNULL = YES;
				CLANG_CXX_LANGUAGE_STANDARD = "gnu++0x";
				CLANG_CXX_LIBRARY = "libc++";
				CLANG_ENABLE_MODULES = YES;
				CLANG_ENABLE_OBJC_ARC = YES;
				CLANG_WARN_BOOL_CONVERSION = YES;
				CLANG_WARN_CONSTANT_CONVERSION = YES;
				CLANG_WARN_DIRECT_OBJC_ISA_USAGE = YES_ERROR;
				CLANG_WARN_DOCUMENTATION_COMMENTS = YES;
				CLANG_WARN_EMPTY_BODY = YES;
				CLANG_WARN_ENUM_CONVERSION = YES;
				CLANG_WARN_INFINITE_RECURSION = YES;
				CLANG_WARN_INT_CONVERSION = YES;
				CLANG_WARN_OBJC_ROOT_CLASS = YES_ERROR;
				CLANG_WARN_SUSPICIOUS_MOVE = YES;
				CLANG_WARN_SUSPICIOUS_MOVES = YES;
				CLANG_WARN_UNREACHABLE_CODE = YES;
				CLANG_WARN__DUPLICATE_METHOD_MATCH = YES;
				"CODE_SIGN_IDENTITY[sdk=iphoneos*]" = "iPhone Developer";
				COPY_PHASE_STRIP = NO;
				DEBUG_INFORMATION_FORMAT = "dwarf-with-dsym";
				ENABLE_NS_ASSERTIONS = NO;
				ENABLE_STRICT_OBJC_MSGSEND = YES;
				GCC_C_LANGUAGE_STANDARD = gnu99;
				GCC_NO_COMMON_BLOCKS = YES;
				GCC_WARN_64_TO_32_BIT_CONVERSION = YES;
				GCC_WARN_ABOUT_RETURN_TYPE = YES_ERROR;
				GCC_WARN_UNDECLARED_SELECTOR = YES;
				GCC_WARN_UNINITIALIZED_AUTOS = YES_AGGRESSIVE;
				GCC_WARN_UNUSED_FUNCTION = YES;
				GCC_WARN_UNUSED_VARIABLE = YES;
				IPHONEOS_DEPLOYMENT_TARGET = 10.0;
				MTL_ENABLE_DEBUG_INFO = NO;
				SDKROOT = iphoneos;
				SWIFT_OPTIMIZATION_LEVEL = "-Owholemodule";
				TARGETED_DEVICE_FAMILY = "1,2";
				VALIDATE_PRODUCT = YES;
			};
			name = Release;
		};
		E34F682F1D68C6E2006CAE59 /* Debug */ = {
			isa = XCBuildConfiguration;
			buildSettings = {
				ASSETCATALOG_COMPILER_APPICON_NAME = AppIcon;
				DEVELOPMENT_TEAM = B22484JHWV;
				INFOPLIST_FILE = TextBoxApp/Info.plist;
				LD_RUNPATH_SEARCH_PATHS = "$(inherited) @executable_path/Frameworks";
				PRODUCT_BUNDLE_IDENTIFIER = com.wiseability.TextBoxApp;
				PRODUCT_NAME = "$(TARGET_NAME)";
				SWIFT_VERSION = 3.0;
			};
			name = Debug;
		};
		E34F68301D68C6E2006CAE59 /* Release */ = {
			isa = XCBuildConfiguration;
			buildSettings = {
				ASSETCATALOG_COMPILER_APPICON_NAME = AppIcon;
				DEVELOPMENT_TEAM = B22484JHWV;
				INFOPLIST_FILE = TextBoxApp/Info.plist;
				LD_RUNPATH_SEARCH_PATHS = "$(inherited) @executable_path/Frameworks";
				PRODUCT_BUNDLE_IDENTIFIER = com.wiseability.TextBoxApp;
				PRODUCT_NAME = "$(TARGET_NAME)";
				SWIFT_VERSION = 3.0;
			};
			name = Release;
		};
/* End XCBuildConfiguration section */

/* Begin XCConfigurationList section */
		E34F68171D68C6E2006CAE59 /* Build configuration list for PBXProject "TextBoxApp" */ = {
			isa = XCConfigurationList;
			buildConfigurations = (
				E34F682C1D68C6E2006CAE59 /* Debug */,
				E34F682D1D68C6E2006CAE59 /* Release */,
			);
			defaultConfigurationIsVisible = 0;
			defaultConfigurationName = Release;
		};
		E34F682E1D68C6E2006CAE59 /* Build configuration list for PBXNativeTarget "TextBoxApp" */ = {
			isa = XCConfigurationList;
			buildConfigurations = (
				E34F682F1D68C6E2006CAE59 /* Debug */,
				E34F68301D68C6E2006CAE59 /* Release */,
			);
			defaultConfigurationIsVisible = 0;
			defaultConfigurationName = Release;
		};
/* End XCConfigurationList section */
	};
	rootObject = E34F68141D68C6E2006CAE59 /* Project object */;
}
